// !$*UTF8*$!
{
	archiveVersion = 1;
	classes = {
	};
	objectVersion = 46;
	objects = {

/* Begin PBXBuildFile section */
		12C88BCF1A28A14400CE6526 /* main.m in Sources */ = {isa = PBXBuildFile; fileRef = 12C88BCE1A28A14400CE6526 /* main.m */; };
		12C88BD21A28A14400CE6526 /* AppDelegate.m in Sources */ = {isa = PBXBuildFile; fileRef = 12C88BD11A28A14400CE6526 /* AppDelegate.m */; };
		12C88BD51A28A14400CE6526 /* ViewController.m in Sources */ = {isa = PBXBuildFile; fileRef = 12C88BD41A28A14400CE6526 /* ViewController.m */; };
		12C88BD81A28A14400CE6526 /* Main.storyboard in Resources */ = {isa = PBXBuildFile; fileRef = 12C88BD61A28A14400CE6526 /* Main.storyboard */; };
		12C88BDA1A28A14400CE6526 /* Images.xcassets in Resources */ = {isa = PBXBuildFile; fileRef = 12C88BD91A28A14400CE6526 /* Images.xcassets */; };
		12C88BDD1A28A14400CE6526 /* LaunchScreen.xib in Resources */ = {isa = PBXBuildFile; fileRef = 12C88BDB1A28A14400CE6526 /* LaunchScreen.xib */; };
		12C88BE91A28A14400CE6526 /* Chromecast_TestTests.m in Sources */ = {isa = PBXBuildFile; fileRef = 12C88BE81A28A14400CE6526 /* Chromecast_TestTests.m */; };
		12C88BF31A28A21900CE6526 /* GoogleCast.framework in Frameworks */ = {isa = PBXBuildFile; fileRef = 12C88BF21A28A21900CE6526 /* GoogleCast.framework */; };
		12C88BF51A28A22800CE6526 /* SystemConfiguration.framework in Frameworks */ = {isa = PBXBuildFile; fileRef = 12C88BF41A28A22800CE6526 /* SystemConfiguration.framework */; };
		12C88BF71A28A23400CE6526 /* MediaAccessibility.framework in Frameworks */ = {isa = PBXBuildFile; fileRef = 12C88BF61A28A23400CE6526 /* MediaAccessibility.framework */; };
		12C88BF91A28A24600CE6526 /* CoreText.framework in Frameworks */ = {isa = PBXBuildFile; fileRef = 12C88BF81A28A24600CE6526 /* CoreText.framework */; };
		12C88BFD1A28A28200CE6526 /* GoogleCastController.m in Sources */ = {isa = PBXBuildFile; fileRef = 12C88BFC1A28A28200CE6526 /* GoogleCastController.m */; };
		12C88BFF1A28A3E100CE6526 /* Foundation.framework in Frameworks */ = {isa = PBXBuildFile; fileRef = 12C88BFE1A28A3E100CE6526 /* Foundation.framework */; };
		12C88C011A28A4D100CE6526 /* UIKit.framework in Frameworks */ = {isa = PBXBuildFile; fileRef = 12C88C001A28A4D100CE6526 /* UIKit.framework */; };
		12C88C041A28B59D00CE6526 /* cast_off.png in Resources */ = {isa = PBXBuildFile; fileRef = 12C88C021A28B59D00CE6526 /* cast_off.png */; };
		12C88C051A28B59D00CE6526 /* cast_on.png in Resources */ = {isa = PBXBuildFile; fileRef = 12C88C031A28B59D00CE6526 /* cast_on.png */; };
		12C88C091A28B5DA00CE6526 /* cast_off@2x.png in Resources */ = {isa = PBXBuildFile; fileRef = 12C88C071A28B5DA00CE6526 /* cast_off@2x.png */; };
		12C88C0A1A28B5DA00CE6526 /* cast_on@2x.png in Resources */ = {isa = PBXBuildFile; fileRef = 12C88C081A28B5DA00CE6526 /* cast_on@2x.png */; };
/* End PBXBuildFile section */

/* Begin PBXContainerItemProxy section */
		12C88BE31A28A14400CE6526 /* PBXContainerItemProxy */ = {
			isa = PBXContainerItemProxy;
			containerPortal = 12C88BC11A28A14400CE6526 /* Project object */;
			proxyType = 1;
			remoteGlobalIDString = 12C88BC81A28A14400CE6526;
			remoteInfo = "Chromecast Test";
		};
/* End PBXContainerItemProxy section */

/* Begin PBXFileReference section */
		12C88BC91A28A14400CE6526 /* Chromecast Test.app */ = {isa = PBXFileReference; explicitFileType = wrapper.application; includeInIndex = 0; path = "Chromecast Test.app"; sourceTree = BUILT_PRODUCTS_DIR; };
		12C88BCD1A28A14400CE6526 /* Info.plist */ = {isa = PBXFileReference; lastKnownFileType = text.plist.xml; path = Info.plist; sourceTree = "<group>"; };
		12C88BCE1A28A14400CE6526 /* main.m */ = {isa = PBXFileReference; lastKnownFileType = sourcecode.c.objc; path = main.m; sourceTree = "<group>"; };
		12C88BD01A28A14400CE6526 /* AppDelegate.h */ = {isa = PBXFileReference; lastKnownFileType = sourcecode.c.h; path = AppDelegate.h; sourceTree = "<group>"; };
		12C88BD11A28A14400CE6526 /* AppDelegate.m */ = {isa = PBXFileReference; lastKnownFileType = sourcecode.c.objc; path = AppDelegate.m; sourceTree = "<group>"; };
		12C88BD31A28A14400CE6526 /* ViewController.h */ = {isa = PBXFileReference; lastKnownFileType = sourcecode.c.h; path = ViewController.h; sourceTree = "<group>"; };
		12C88BD41A28A14400CE6526 /* ViewController.m */ = {isa = PBXFileReference; lastKnownFileType = sourcecode.c.objc; path = ViewController.m; sourceTree = "<group>"; };
		12C88BD71A28A14400CE6526 /* Base */ = {isa = PBXFileReference; lastKnownFileType = file.storyboard; name = Base; path = Base.lproj/Main.storyboard; sourceTree = "<group>"; };
		12C88BD91A28A14400CE6526 /* Images.xcassets */ = {isa = PBXFileReference; lastKnownFileType = folder.assetcatalog; path = Images.xcassets; sourceTree = "<group>"; };
		12C88BDC1A28A14400CE6526 /* Base */ = {isa = PBXFileReference; lastKnownFileType = file.xib; name = Base; path = Base.lproj/LaunchScreen.xib; sourceTree = "<group>"; };
		12C88BE21A28A14400CE6526 /* Chromecast TestTests.xctest */ = {isa = PBXFileReference; explicitFileType = wrapper.cfbundle; includeInIndex = 0; path = "Chromecast TestTests.xctest"; sourceTree = BUILT_PRODUCTS_DIR; };
		12C88BE71A28A14400CE6526 /* Info.plist */ = {isa = PBXFileReference; lastKnownFileType = text.plist.xml; path = Info.plist; sourceTree = "<group>"; };
		12C88BE81A28A14400CE6526 /* Chromecast_TestTests.m */ = {isa = PBXFileReference; lastKnownFileType = sourcecode.c.objc; path = Chromecast_TestTests.m; sourceTree = "<group>"; };
		12C88BF21A28A21900CE6526 /* GoogleCast.framework */ = {isa = PBXFileReference; lastKnownFileType = wrapper.framework; name = GoogleCast.framework; path = "GoogleCastFramework-2.4.0-Release/GoogleCast.framework"; sourceTree = "<group>"; };
		12C88BF41A28A22800CE6526 /* SystemConfiguration.framework */ = {isa = PBXFileReference; lastKnownFileType = wrapper.framework; name = SystemConfiguration.framework; path = System/Library/Frameworks/SystemConfiguration.framework; sourceTree = SDKROOT; };
		12C88BF61A28A23400CE6526 /* MediaAccessibility.framework */ = {isa = PBXFileReference; lastKnownFileType = wrapper.framework; name = MediaAccessibility.framework; path = System/Library/Frameworks/MediaAccessibility.framework; sourceTree = SDKROOT; };
		12C88BF81A28A24600CE6526 /* CoreText.framework */ = {isa = PBXFileReference; lastKnownFileType = wrapper.framework; name = CoreText.framework; path = System/Library/Frameworks/CoreText.framework; sourceTree = SDKROOT; };
		12C88BFB1A28A28200CE6526 /* GoogleCastController.h */ = {isa = PBXFileReference; fileEncoding = 4; lastKnownFileType = sourcecode.c.h; path = GoogleCastController.h; sourceTree = "<group>"; };
		12C88BFC1A28A28200CE6526 /* GoogleCastController.m */ = {isa = PBXFileReference; fileEncoding = 4; lastKnownFileType = sourcecode.c.objc; path = GoogleCastController.m; sourceTree = "<group>"; };
		12C88BFE1A28A3E100CE6526 /* Foundation.framework */ = {isa = PBXFileReference; lastKnownFileType = wrapper.framework; name = Foundation.framework; path = System/Library/Frameworks/Foundation.framework; sourceTree = SDKROOT; };
		12C88C001A28A4D100CE6526 /* UIKit.framework */ = {isa = PBXFileReference; lastKnownFileType = wrapper.framework; name = UIKit.framework; path = System/Library/Frameworks/UIKit.framework; sourceTree = SDKROOT; };
		12C88C021A28B59D00CE6526 /* cast_off.png */ = {isa = PBXFileReference; lastKnownFileType = image.png; path = cast_off.png; sourceTree = "<group>"; };
		12C88C031A28B59D00CE6526 /* cast_on.png */ = {isa = PBXFileReference; lastKnownFileType = image.png; path = cast_on.png; sourceTree = "<group>"; };
		12C88C071A28B5DA00CE6526 /* cast_off@2x.png */ = {isa = PBXFileReference; lastKnownFileType = image.png; path = "cast_off@2x.png"; sourceTree = "<group>"; };
		12C88C081A28B5DA00CE6526 /* cast_on@2x.png */ = {isa = PBXFileReference; lastKnownFileType = image.png; path = "cast_on@2x.png"; sourceTree = "<group>"; };
/* End PBXFileReference section */

/* Begin PBXFrameworksBuildPhase section */
		12C88BC61A28A14400CE6526 /* Frameworks */ = {
			isa = PBXFrameworksBuildPhase;
			buildActionMask = 2147483647;
			files = (
				12C88C011A28A4D100CE6526 /* UIKit.framework in Frameworks */,
				12C88BFF1A28A3E100CE6526 /* Foundation.framework in Frameworks */,
				12C88BF91A28A24600CE6526 /* CoreText.framework in Frameworks */,
				12C88BF71A28A23400CE6526 /* MediaAccessibility.framework in Frameworks */,
				12C88BF51A28A22800CE6526 /* SystemConfiguration.framework in Frameworks */,
				12C88BF31A28A21900CE6526 /* GoogleCast.framework in Frameworks */,
			);
			runOnlyForDeploymentPostprocessing = 0;
		};
		12C88BDF1A28A14400CE6526 /* Frameworks */ = {
			isa = PBXFrameworksBuildPhase;
			buildActionMask = 2147483647;
			files = (
			);
			runOnlyForDeploymentPostprocessing = 0;
		};
/* End PBXFrameworksBuildPhase section */

/* Begin PBXGroup section */
		12C88BC01A28A14400CE6526 = {
			isa = PBXGroup;
			children = (
				12C88C001A28A4D100CE6526 /* UIKit.framework */,
				12C88BFE1A28A3E100CE6526 /* Foundation.framework */,
				12C88BF81A28A24600CE6526 /* CoreText.framework */,
				12C88BF61A28A23400CE6526 /* MediaAccessibility.framework */,
				12C88BF41A28A22800CE6526 /* SystemConfiguration.framework */,
				12C88BF21A28A21900CE6526 /* GoogleCast.framework */,
				12C88BCB1A28A14400CE6526 /* Chromecast Test */,
				12C88BE51A28A14400CE6526 /* Chromecast TestTests */,
				12C88BCA1A28A14400CE6526 /* Products */,
			);
			sourceTree = "<group>";
		};
		12C88BCA1A28A14400CE6526 /* Products */ = {
			isa = PBXGroup;
			children = (
				12C88BC91A28A14400CE6526 /* Chromecast Test.app */,
				12C88BE21A28A14400CE6526 /* Chromecast TestTests.xctest */,
			);
			name = Products;
			sourceTree = "<group>";
		};
		12C88BCB1A28A14400CE6526 /* Chromecast Test */ = {
			isa = PBXGroup;
			children = (
				12C88C061A28B5A300CE6526 /* Assets */,
				12C88BFA1A28A26100CE6526 /* GoogleCast */,
				12C88BD01A28A14400CE6526 /* AppDelegate.h */,
				12C88BD11A28A14400CE6526 /* AppDelegate.m */,
				12C88BD31A28A14400CE6526 /* ViewController.h */,
				12C88BD41A28A14400CE6526 /* ViewController.m */,
				12C88BD61A28A14400CE6526 /* Main.storyboard */,
				12C88BD91A28A14400CE6526 /* Images.xcassets */,
				12C88BDB1A28A14400CE6526 /* LaunchScreen.xib */,
				12C88BCC1A28A14400CE6526 /* Supporting Files */,
			);
			path = "Chromecast Test";
			sourceTree = "<group>";
		};
		12C88BCC1A28A14400CE6526 /* Supporting Files */ = {
			isa = PBXGroup;
			children = (
				12C88BCD1A28A14400CE6526 /* Info.plist */,
				12C88BCE1A28A14400CE6526 /* main.m */,
			);
			name = "Supporting Files";
			sourceTree = "<group>";
		};
		12C88BE51A28A14400CE6526 /* Chromecast TestTests */ = {
			isa = PBXGroup;
			children = (
				12C88BE81A28A14400CE6526 /* Chromecast_TestTests.m */,
				12C88BE61A28A14400CE6526 /* Supporting Files */,
			);
			path = "Chromecast TestTests";
			sourceTree = "<group>";
		};
		12C88BE61A28A14400CE6526 /* Supporting Files */ = {
			isa = PBXGroup;
			children = (
				12C88BE71A28A14400CE6526 /* Info.plist */,
			);
			name = "Supporting Files";
			sourceTree = "<group>";
		};
		12C88BFA1A28A26100CE6526 /* GoogleCast */ = {
			isa = PBXGroup;
			children = (
				12C88BFB1A28A28200CE6526 /* GoogleCastController.h */,
				12C88BFC1A28A28200CE6526 /* GoogleCastController.m */,
			);
			name = GoogleCast;
			sourceTree = "<group>";
		};
		12C88C061A28B5A300CE6526 /* Assets */ = {
			isa = PBXGroup;
			children = (
				12C88C071A28B5DA00CE6526 /* cast_off@2x.png */,
				12C88C081A28B5DA00CE6526 /* cast_on@2x.png */,
				12C88C021A28B59D00CE6526 /* cast_off.png */,
				12C88C031A28B59D00CE6526 /* cast_on.png */,
			);
			name = Assets;
			sourceTree = "<group>";
		};
/* End PBXGroup section */

/* Begin PBXNativeTarget section */
		12C88BC81A28A14400CE6526 /* Chromecast Test */ = {
			isa = PBXNativeTarget;
			buildConfigurationList = 12C88BEC1A28A14400CE6526 /* Build configuration list for PBXNativeTarget "Chromecast Test" */;
			buildPhases = (
				12C88BC51A28A14400CE6526 /* Sources */,
				12C88BC61A28A14400CE6526 /* Frameworks */,
				12C88BC71A28A14400CE6526 /* Resources */,
			);
			buildRules = (
			);
			dependencies = (
			);
			name = "Chromecast Test";
			productName = "Chromecast Test";
			productReference = 12C88BC91A28A14400CE6526 /* Chromecast Test.app */;
			productType = "com.apple.product-type.application";
		};
		12C88BE11A28A14400CE6526 /* Chromecast TestTests */ = {
			isa = PBXNativeTarget;
			buildConfigurationList = 12C88BEF1A28A14400CE6526 /* Build configuration list for PBXNativeTarget "Chromecast TestTests" */;
			buildPhases = (
				12C88BDE1A28A14400CE6526 /* Sources */,
				12C88BDF1A28A14400CE6526 /* Frameworks */,
				12C88BE01A28A14400CE6526 /* Resources */,
			);
			buildRules = (
			);
			dependencies = (
				12C88BE41A28A14400CE6526 /* PBXTargetDependency */,
			);
			name = "Chromecast TestTests";
			productName = "Chromecast TestTests";
			productReference = 12C88BE21A28A14400CE6526 /* Chromecast TestTests.xctest */;
			productType = "com.apple.product-type.bundle.unit-test";
		};
/* End PBXNativeTarget section */

/* Begin PBXProject section */
		12C88BC11A28A14400CE6526 /* Project object */ = {
			isa = PBXProject;
			attributes = {
				LastUpgradeCheck = 0610;
				ORGANIZATIONNAME = "Jochem Toolenaar";
				TargetAttributes = {
					12C88BC81A28A14400CE6526 = {
						CreatedOnToolsVersion = 6.1;
					};
					12C88BE11A28A14400CE6526 = {
						CreatedOnToolsVersion = 6.1;
						TestTargetID = 12C88BC81A28A14400CE6526;
					};
				};
			};
			buildConfigurationList = 12C88BC41A28A14400CE6526 /* Build configuration list for PBXProject "Chromecast Test" */;
			compatibilityVersion = "Xcode 3.2";
			developmentRegion = English;
			hasScannedForEncodings = 0;
			knownRegions = (
				en,
				Base,
			);
			mainGroup = 12C88BC01A28A14400CE6526;
			productRefGroup = 12C88BCA1A28A14400CE6526 /* Products */;
			projectDirPath = "";
			projectRoot = "";
			targets = (
				12C88BC81A28A14400CE6526 /* Chromecast Test */,
				12C88BE11A28A14400CE6526 /* Chromecast TestTests */,
			);
		};
/* End PBXProject section */

/* Begin PBXResourcesBuildPhase section */
		12C88BC71A28A14400CE6526 /* Resources */ = {
			isa = PBXResourcesBuildPhase;
			buildActionMask = 2147483647;
			files = (
				12C88C041A28B59D00CE6526 /* cast_off.png in Resources */,
				12C88BD81A28A14400CE6526 /* Main.storyboard in Resources */,
				12C88BDD1A28A14400CE6526 /* LaunchScreen.xib in Resources */,
				12C88C0A1A28B5DA00CE6526 /* cast_on@2x.png in Resources */,
				12C88C051A28B59D00CE6526 /* cast_on.png in Resources */,
				12C88BDA1A28A14400CE6526 /* Images.xcassets in Resources */,
				12C88C091A28B5DA00CE6526 /* cast_off@2x.png in Resources */,
			);
			runOnlyForDeploymentPostprocessing = 0;
		};
		12C88BE01A28A14400CE6526 /* Resources */ = {
			isa = PBXResourcesBuildPhase;
			buildActionMask = 2147483647;
			files = (
			);
			runOnlyForDeploymentPostprocessing = 0;
		};
/* End PBXResourcesBuildPhase section */

/* Begin PBXSourcesBuildPhase section */
		12C88BC51A28A14400CE6526 /* Sources */ = {
			isa = PBXSourcesBuildPhase;
			buildActionMask = 2147483647;
			files = (
				12C88BD51A28A14400CE6526 /* ViewController.m in Sources */,
				12C88BFD1A28A28200CE6526 /* GoogleCastController.m in Sources */,
				12C88BD21A28A14400CE6526 /* AppDelegate.m in Sources */,
				12C88BCF1A28A14400CE6526 /* main.m in Sources */,
			);
			runOnlyForDeploymentPostprocessing = 0;
		};
		12C88BDE1A28A14400CE6526 /* Sources */ = {
			isa = PBXSourcesBuildPhase;
			buildActionMask = 2147483647;
			files = (
				12C88BE91A28A14400CE6526 /* Chromecast_TestTests.m in Sources */,
			);
			runOnlyForDeploymentPostprocessing = 0;
		};
/* End PBXSourcesBuildPhase section */

/* Begin PBXTargetDependency section */
		12C88BE41A28A14400CE6526 /* PBXTargetDependency */ = {
			isa = PBXTargetDependency;
			target = 12C88BC81A28A14400CE6526 /* Chromecast Test */;
			targetProxy = 12C88BE31A28A14400CE6526 /* PBXContainerItemProxy */;
		};
/* End PBXTargetDependency section */

/* Begin PBXVariantGroup section */
		12C88BD61A28A14400CE6526 /* Main.storyboard */ = {
			isa = PBXVariantGroup;
			children = (
				12C88BD71A28A14400CE6526 /* Base */,
			);
			name = Main.storyboard;
			sourceTree = "<group>";
		};
		12C88BDB1A28A14400CE6526 /* LaunchScreen.xib */ = {
			isa = PBXVariantGroup;
			children = (
				12C88BDC1A28A14400CE6526 /* Base */,
			);
			name = LaunchScreen.xib;
			sourceTree = "<group>";
		};
/* End PBXVariantGroup section */

/* Begin XCBuildConfiguration section */
		12C88BEA1A28A14400CE6526 /* Debug */ = {
			isa = XCBuildConfiguration;
			buildSettings = {
				ALWAYS_SEARCH_USER_PATHS = NO;
				CLANG_CXX_LANGUAGE_STANDARD = "gnu++0x";
				CLANG_CXX_LIBRARY = "libc++";
				CLANG_ENABLE_MODULES = YES;
				CLANG_ENABLE_OBJC_ARC = YES;
				CLANG_WARN_BOOL_CONVERSION = YES;
				CLANG_WARN_CONSTANT_CONVERSION = YES;
				CLANG_WARN_DIRECT_OBJC_ISA_USAGE = YES_ERROR;
				CLANG_WARN_EMPTY_BODY = YES;
				CLANG_WARN_ENUM_CONVERSION = YES;
				CLANG_WARN_INT_CONVERSION = YES;
				CLANG_WARN_OBJC_ROOT_CLASS = YES_ERROR;
				CLANG_WARN_UNREACHABLE_CODE = YES;
				CLANG_WARN__DUPLICATE_METHOD_MATCH = YES;
				"CODE_SIGN_IDENTITY[sdk=iphoneos*]" = "iPhone Developer";
				COPY_PHASE_STRIP = NO;
				ENABLE_STRICT_OBJC_MSGSEND = YES;
				GCC_C_LANGUAGE_STANDARD = gnu99;
				GCC_DYNAMIC_NO_PIC = NO;
				GCC_OPTIMIZATION_LEVEL = 0;
				GCC_PREPROCESSOR_DEFINITIONS = (
					"DEBUG=1",
					"$(inherited)",
				);
				GCC_SYMBOLS_PRIVATE_EXTERN = NO;
				GCC_WARN_64_TO_32_BIT_CONVERSION = YES;
				GCC_WARN_ABOUT_RETURN_TYPE = YES_ERROR;
				GCC_WARN_UNDECLARED_SELECTOR = YES;
				GCC_WARN_UNINITIALIZED_AUTOS = YES_AGGRESSIVE;
				GCC_WARN_UNUSED_FUNCTION = YES;
				GCC_WARN_UNUSED_VARIABLE = YES;
				IPHONEOS_DEPLOYMENT_TARGET = 8.1;
				MTL_ENABLE_DEBUG_INFO = YES;
				ONLY_ACTIVE_ARCH = YES;
				SDKROOT = iphoneos;
			};
			name = Debug;
		};
		12C88BEB1A28A14400CE6526 /* Release */ = {
			isa = XCBuildConfiguration;
			buildSettings = {
				ALWAYS_SEARCH_USER_PATHS = NO;
				CLANG_CXX_LANGUAGE_STANDARD = "gnu++0x";
				CLANG_CXX_LIBRARY = "libc++";
				CLANG_ENABLE_MODULES = YES;
				CLANG_ENABLE_OBJC_ARC = YES;
				CLANG_WARN_BOOL_CONVERSION = YES;
				CLANG_WARN_CONSTANT_CONVERSION = YES;
				CLANG_WARN_DIRECT_OBJC_ISA_USAGE = YES_ERROR;
				CLANG_WARN_EMPTY_BODY = YES;
				CLANG_WARN_ENUM_CONVERSION = YES;
				CLANG_WARN_INT_CONVERSION = YES;
				CLANG_WARN_OBJC_ROOT_CLASS = YES_ERROR;
				CLANG_WARN_UNREACHABLE_CODE = YES;
				CLANG_WARN__DUPLICATE_METHOD_MATCH = YES;
				"CODE_SIGN_IDENTITY[sdk=iphoneos*]" = "iPhone Developer";
				COPY_PHASE_STRIP = YES;
				ENABLE_NS_ASSERTIONS = NO;
				ENABLE_STRICT_OBJC_MSGSEND = YES;
				GCC_C_LANGUAGE_STANDARD = gnu99;
				GCC_WARN_64_TO_32_BIT_CONVERSION = YES;
				GCC_WARN_ABOUT_RETURN_TYPE = YES_ERROR;
				GCC_WARN_UNDECLARED_SELECTOR = YES;
				GCC_WARN_UNINITIALIZED_AUTOS = YES_AGGRESSIVE;
				GCC_WARN_UNUSED_FUNCTION = YES;
				GCC_WARN_UNUSED_VARIABLE = YES;
				IPHONEOS_DEPLOYMENT_TARGET = 8.1;
				MTL_ENABLE_DEBUG_INFO = NO;
				SDKROOT = iphoneos;
				VALIDATE_PRODUCT = YES;
			};
			name = Release;
		};
		12C88BED1A28A14400CE6526 /* Debug */ = {
			isa = XCBuildConfiguration;
			buildSettings = {
				ASSETCATALOG_COMPILER_APPICON_NAME = AppIcon;
				FRAMEWORK_SEARCH_PATHS = (
					"$(inherited)",
					"$(PROJECT_DIR)/GoogleCastFramework-2.4.0-Release",
				);
				INFOPLIST_FILE = "Chromecast Test/Info.plist";
				LD_RUNPATH_SEARCH_PATHS = "$(inherited) @executable_path/Frameworks";
				OTHER_LDFLAGS = "-ObjC";
				PRODUCT_NAME = "$(TARGET_NAME)";
			};
			name = Debug;
		};
		12C88BEE1A28A14400CE6526 /* Release */ = {
			isa = XCBuildConfiguration;
			buildSettings = {
				ASSETCATALOG_COMPILER_APPICON_NAME = AppIcon;
				FRAMEWORK_SEARCH_PATHS = (
					"$(inherited)",
					"$(PROJECT_DIR)/GoogleCastFramework-2.4.0-Release",
				);
				INFOPLIST_FILE = "Chromecast Test/Info.plist";
				LD_RUNPATH_SEARCH_PATHS = "$(inherited) @executable_path/Frameworks";
				OTHER_LDFLAGS = "-ObjC";
				PRODUCT_NAME = "$(TARGET_NAME)";
			};
			name = Release;
		};
		12C88BF01A28A14400CE6526 /* Debug */ = {
			isa = XCBuildConfiguration;
			buildSettings = {
				BUNDLE_LOADER = "$(TEST_HOST)";
				FRAMEWORK_SEARCH_PATHS = (
					"$(SDKROOT)/Developer/Library/Frameworks",
					"$(inherited)",
				);
				GCC_PREPROCESSOR_DEFINITIONS = (
					"DEBUG=1",
					"$(inherited)",
				);
				INFOPLIST_FILE = "Chromecast TestTests/Info.plist";
				LD_RUNPATH_SEARCH_PATHS = "$(inherited) @executable_path/Frameworks @loader_path/Frameworks";
				PRODUCT_NAME = "$(TARGET_NAME)";
				TEST_HOST = "$(BUILT_PRODUCTS_DIR)/Chromecast Test.app/Chromecast Test";
			};
			name = Debug;
		};
		12C88BF11A28A14400CE6526 /* Release */ = {
			isa = XCBuildConfiguration;
			buildSettings = {
				BUNDLE_LOADER = "$(TEST_HOST)";
				FRAMEWORK_SEARCH_PATHS = (
					"$(SDKROOT)/Developer/Library/Frameworks",
					"$(inherited)",
				);
				INFOPLIST_FILE = "Chromecast TestTests/Info.plist";
				LD_RUNPATH_SEARCH_PATHS = "$(inherited) @executable_path/Frameworks @loader_path/Frameworks";
				PRODUCT_NAME = "$(TARGET_NAME)";
				TEST_HOST = "$(BUILT_PRODUCTS_DIR)/Chromecast Test.app/Chromecast Test";
			};
			name = Release;
		};
/* End XCBuildConfiguration section */

/* Begin XCConfigurationList section */
		12C88BC41A28A14400CE6526 /* Build configuration list for PBXProject "Chromecast Test" */ = {
			isa = XCConfigurationList;
			buildConfigurations = (
				12C88BEA1A28A14400CE6526 /* Debug */,
				12C88BEB1A28A14400CE6526 /* Release */,
			);
			defaultConfigurationIsVisible = 0;
			defaultConfigurationName = Release;
		};
		12C88BEC1A28A14400CE6526 /* Build configuration list for PBXNativeTarget "Chromecast Test" */ = {
			isa = XCConfigurationList;
			buildConfigurations = (
				12C88BED1A28A14400CE6526 /* Debug */,
				12C88BEE1A28A14400CE6526 /* Release */,
			);
			defaultConfigurationIsVisible = 0;
			defaultConfigurationName = Release;
		};
		12C88BEF1A28A14400CE6526 /* Build configuration list for PBXNativeTarget "Chromecast TestTests" */ = {
			isa = XCConfigurationList;
			buildConfigurations = (
				12C88BF01A28A14400CE6526 /* Debug */,
				12C88BF11A28A14400CE6526 /* Release */,
			);
			defaultConfigurationIsVisible = 0;
			defaultConfigurationName = Release;
		};
/* End XCConfigurationList section */
	};
	rootObject = 12C88BC11A28A14400CE6526 /* Project object */;
}
